// !$*UTF8*$!
{
	archiveVersion = 1;
	classes = {
	};
	objectVersion = 56;
	objects = {

/* Begin PBXBuildFile section */
		880A5ED32A02837700F17025 /* Model.swift in Sources */ = {isa = PBXBuildFile; fileRef = 880A5ED22A02837700F17025 /* Model.swift */; };
		880A5ED52A02839000F17025 /* DataStore.swift in Sources */ = {isa = PBXBuildFile; fileRef = 880A5ED42A02839000F17025 /* DataStore.swift */; };
		883A8B972A027AF300E91CB0 /* AppDelegate.swift in Sources */ = {isa = PBXBuildFile; fileRef = 883A8B962A027AF300E91CB0 /* AppDelegate.swift */; };
		883A8B992A027AF300E91CB0 /* SceneDelegate.swift in Sources */ = {isa = PBXBuildFile; fileRef = 883A8B982A027AF300E91CB0 /* SceneDelegate.swift */; };
		883A8B9B2A027AF300E91CB0 /* ViewController.swift in Sources */ = {isa = PBXBuildFile; fileRef = 883A8B9A2A027AF300E91CB0 /* ViewController.swift */; };
		883A8B9E2A027AF300E91CB0 /* Main.storyboard in Resources */ = {isa = PBXBuildFile; fileRef = 883A8B9C2A027AF300E91CB0 /* Main.storyboard */; };
		883A8BA02A027AF400E91CB0 /* Assets.xcassets in Resources */ = {isa = PBXBuildFile; fileRef = 883A8B9F2A027AF400E91CB0 /* Assets.xcassets */; };
		883A8BA32A027AF400E91CB0 /* LaunchScreen.storyboard in Resources */ = {isa = PBXBuildFile; fileRef = 883A8BA12A027AF400E91CB0 /* LaunchScreen.storyboard */; };
		883A8BB12A027E3000E91CB0 /* SpringAnimation in Frameworks */ = {isa = PBXBuildFile; productRef = 883A8BB02A027E3000E91CB0 /* SpringAnimation */; };
/* End PBXBuildFile section */

/* Begin PBXFileReference section */
		880A5ED22A02837700F17025 /* Model.swift */ = {isa = PBXFileReference; lastKnownFileType = sourcecode.swift; path = Model.swift; sourceTree = "<group>"; };
		880A5ED42A02839000F17025 /* DataStore.swift */ = {isa = PBXFileReference; lastKnownFileType = sourcecode.swift; path = DataStore.swift; sourceTree = "<group>"; };
		883A8B932A027AF300E91CB0 /* HW_Latushkin_AS_SpringAnimation.app */ = {isa = PBXFileReference; explicitFileType = wrapper.application; includeInIndex = 0; path = HW_Latushkin_AS_SpringAnimation.app; sourceTree = BUILT_PRODUCTS_DIR; };
		883A8B962A027AF300E91CB0 /* AppDelegate.swift */ = {isa = PBXFileReference; lastKnownFileType = sourcecode.swift; path = AppDelegate.swift; sourceTree = "<group>"; };
		883A8B982A027AF300E91CB0 /* SceneDelegate.swift */ = {isa = PBXFileReference; lastKnownFileType = sourcecode.swift; path = SceneDelegate.swift; sourceTree = "<group>"; };
		883A8B9A2A027AF300E91CB0 /* ViewController.swift */ = {isa = PBXFileReference; lastKnownFileType = sourcecode.swift; path = ViewController.swift; sourceTree = "<group>"; };
		883A8B9D2A027AF300E91CB0 /* Base */ = {isa = PBXFileReference; lastKnownFileType = file.storyboard; name = Base; path = Base.lproj/Main.storyboard; sourceTree = "<group>"; };
		883A8B9F2A027AF400E91CB0 /* Assets.xcassets */ = {isa = PBXFileReference; lastKnownFileType = folder.assetcatalog; path = Assets.xcassets; sourceTree = "<group>"; };
		883A8BA22A027AF400E91CB0 /* Base */ = {isa = PBXFileReference; lastKnownFileType = file.storyboard; name = Base; path = Base.lproj/LaunchScreen.storyboard; sourceTree = "<group>"; };
		883A8BA42A027AF400E91CB0 /* Info.plist */ = {isa = PBXFileReference; lastKnownFileType = text.plist.xml; path = Info.plist; sourceTree = "<group>"; };
/* End PBXFileReference section */

/* Begin PBXFrameworksBuildPhase section */
		883A8B902A027AF300E91CB0 /* Frameworks */ = {
			isa = PBXFrameworksBuildPhase;
			buildActionMask = 2147483647;
			files = (
				883A8BB12A027E3000E91CB0 /* SpringAnimation in Frameworks */,
			);
			runOnlyForDeploymentPostprocessing = 0;
		};
/* End PBXFrameworksBuildPhase section */

/* Begin PBXGroup section */
		883A8B8A2A027AF300E91CB0 = {
			isa = PBXGroup;
			children = (
				883A8B952A027AF300E91CB0 /* HW_Latushkin_AS_SpringAnimation */,
				883A8B942A027AF300E91CB0 /* Products */,
			);
			sourceTree = "<group>";
		};
		883A8B942A027AF300E91CB0 /* Products */ = {
			isa = PBXGroup;
			children = (
				883A8B932A027AF300E91CB0 /* HW_Latushkin_AS_SpringAnimation.app */,
			);
			name = Products;
			sourceTree = "<group>";
		};
		883A8B952A027AF300E91CB0 /* HW_Latushkin_AS_SpringAnimation */ = {
			isa = PBXGroup;
			children = (
				883A8BAC2A027B2400E91CB0 /* DataStores */,
				883A8BAB2A027B1E00E91CB0 /* Models */,
				883A8BAD2A027B3200E91CB0 /* App */,
				883A8BAA2A027B0100E91CB0 /* ViewControllers */,
				883A8BAE2A027B4000E91CB0 /* Storyboards */,
				883A8B9F2A027AF400E91CB0 /* Assets.xcassets */,
			);
			path = HW_Latushkin_AS_SpringAnimation;
			sourceTree = "<group>";
		};
		883A8BAA2A027B0100E91CB0 /* ViewControllers */ = {
			isa = PBXGroup;
			children = (
				883A8B9A2A027AF300E91CB0 /* ViewController.swift */,
			);
			path = ViewControllers;
			sourceTree = "<group>";
		};
		883A8BAB2A027B1E00E91CB0 /* Models */ = {
			isa = PBXGroup;
			children = (
				880A5ED22A02837700F17025 /* Model.swift */,
			);
			path = Models;
			sourceTree = "<group>";
		};
		883A8BAC2A027B2400E91CB0 /* DataStores */ = {
			isa = PBXGroup;
			children = (
				880A5ED42A02839000F17025 /* DataStore.swift */,
			);
			path = DataStores;
			sourceTree = "<group>";
		};
		883A8BAD2A027B3200E91CB0 /* App */ = {
			isa = PBXGroup;
			children = (
				883A8B962A027AF300E91CB0 /* AppDelegate.swift */,
				883A8B982A027AF300E91CB0 /* SceneDelegate.swift */,
				883A8BA42A027AF400E91CB0 /* Info.plist */,
			);
			path = App;
			sourceTree = "<group>";
		};
		883A8BAE2A027B4000E91CB0 /* Storyboards */ = {
			isa = PBXGroup;
			children = (
				883A8B9C2A027AF300E91CB0 /* Main.storyboard */,
				883A8BA12A027AF400E91CB0 /* LaunchScreen.storyboard */,
			);
			path = Storyboards;
			sourceTree = "<group>";
		};
/* End PBXGroup section */

/* Begin PBXNativeTarget section */
		883A8B922A027AF300E91CB0 /* HW_Latushkin_AS_SpringAnimation */ = {
			isa = PBXNativeTarget;
			buildConfigurationList = 883A8BA72A027AF400E91CB0 /* Build configuration list for PBXNativeTarget "HW_Latushkin_AS_SpringAnimation" */;
			buildPhases = (
				883A8B8F2A027AF300E91CB0 /* Sources */,
				883A8B902A027AF300E91CB0 /* Frameworks */,
				883A8B912A027AF300E91CB0 /* Resources */,
			);
			buildRules = (
			);
			dependencies = (
			);
			name = HW_Latushkin_AS_SpringAnimation;
			packageProductDependencies = (
				883A8BB02A027E3000E91CB0 /* SpringAnimation */,
			);
			productName = HW_Latushkin_AS_SpringAnimation;
			productReference = 883A8B932A027AF300E91CB0 /* HW_Latushkin_AS_SpringAnimation.app */;
			productType = "com.apple.product-type.application";
		};
/* End PBXNativeTarget section */

/* Begin PBXProject section */
		883A8B8B2A027AF300E91CB0 /* Project object */ = {
			isa = PBXProject;
			attributes = {
				BuildIndependentTargetsInParallel = 1;
				LastSwiftUpdateCheck = 1430;
				LastUpgradeCheck = 1430;
				TargetAttributes = {
					883A8B922A027AF300E91CB0 = {
						CreatedOnToolsVersion = 14.3;
					};
				};
			};
			buildConfigurationList = 883A8B8E2A027AF300E91CB0 /* Build configuration list for PBXProject "HW_Latushkin_AS_SpringAnimation" */;
			compatibilityVersion = "Xcode 14.0";
			developmentRegion = en;
			hasScannedForEncodings = 0;
			knownRegions = (
				en,
				Base,
			);
			mainGroup = 883A8B8A2A027AF300E91CB0;
			packageReferences = (
				883A8BAF2A027E3000E91CB0 /* XCRemoteSwiftPackageReference "SpringAnimation" */,
			);
			productRefGroup = 883A8B942A027AF300E91CB0 /* Products */;
			projectDirPath = "";
			projectRoot = "";
			targets = (
				883A8B922A027AF300E91CB0 /* HW_Latushkin_AS_SpringAnimation */,
			);
		};
/* End PBXProject section */

/* Begin PBXResourcesBuildPhase section */
		883A8B912A027AF300E91CB0 /* Resources */ = {
			isa = PBXResourcesBuildPhase;
			buildActionMask = 2147483647;
			files = (
				883A8BA32A027AF400E91CB0 /* LaunchScreen.storyboard in Resources */,
				883A8BA02A027AF400E91CB0 /* Assets.xcassets in Resources */,
				883A8B9E2A027AF300E91CB0 /* Main.storyboard in Resources */,
			);
			runOnlyForDeploymentPostprocessing = 0;
		};
/* End PBXResourcesBuildPhase section */

/* Begin PBXSourcesBuildPhase section */
		883A8B8F2A027AF300E91CB0 /* Sources */ = {
			isa = PBXSourcesBuildPhase;
			buildActionMask = 2147483647;
			files = (
				883A8B9B2A027AF300E91CB0 /* ViewController.swift in Sources */,
				883A8B972A027AF300E91CB0 /* AppDelegate.swift in Sources */,
				883A8B992A027AF300E91CB0 /* SceneDelegate.swift in Sources */,
				880A5ED52A02839000F17025 /* DataStore.swift in Sources */,
				880A5ED32A02837700F17025 /* Model.swift in Sources */,
			);
			runOnlyForDeploymentPostprocessing = 0;
		};
/* End PBXSourcesBuildPhase section */

/* Begin PBXVariantGroup section */
		883A8B9C2A027AF300E91CB0 /* Main.storyboard */ = {
			isa = PBXVariantGroup;
			children = (
				883A8B9D2A027AF300E91CB0 /* Base */,
			);
			name = Main.storyboard;
			sourceTree = "<group>";
		};
		883A8BA12A027AF400E91CB0 /* LaunchScreen.storyboard */ = {
			isa = PBXVariantGroup;
			children = (
				883A8BA22A027AF400E91CB0 /* Base */,
			);
			name = LaunchScreen.storyboard;
			sourceTree = "<group>";
		};
/* End PBXVariantGroup section */

/* Begin XCBuildConfiguration section */
		883A8BA52A027AF400E91CB0 /* Debug */ = {
			isa = XCBuildConfiguration;
			buildSettings = {
				ALWAYS_SEARCH_USER_PATHS = NO;
				CLANG_ANALYZER_NONNULL = YES;
				CLANG_ANALYZER_NUMBER_OBJECT_CONVERSION = YES_AGGRESSIVE;
				CLANG_CXX_LANGUAGE_STANDARD = "gnu++20";
				CLANG_ENABLE_MODULES = YES;
				CLANG_ENABLE_OBJC_ARC = YES;
				CLANG_ENABLE_OBJC_WEAK = YES;
				CLANG_WARN_BLOCK_CAPTURE_AUTORELEASING = YES;
				CLANG_WARN_BOOL_CONVERSION = YES;
				CLANG_WARN_COMMA = YES;
				CLANG_WARN_CONSTANT_CONVERSION = YES;
				CLANG_WARN_DEPRECATED_OBJC_IMPLEMENTATIONS = YES;
				CLANG_WARN_DIRECT_OBJC_ISA_USAGE = YES_ERROR;
				CLANG_WARN_DOCUMENTATION_COMMENTS = YES;
				CLANG_WARN_EMPTY_BODY = YES;
				CLANG_WARN_ENUM_CONVERSION = YES;
				CLANG_WARN_INFINITE_RECURSION = YES;
				CLANG_WARN_INT_CONVERSION = YES;
				CLANG_WARN_NON_LITERAL_NULL_CONVERSION = YES;
				CLANG_WARN_OBJC_IMPLICIT_RETAIN_SELF = YES;
				CLANG_WARN_OBJC_LITERAL_CONVERSION = YES;
				CLANG_WARN_OBJC_ROOT_CLASS = YES_ERROR;
				CLANG_WARN_QUOTED_INCLUDE_IN_FRAMEWORK_HEADER = YES;
				CLANG_WARN_RANGE_LOOP_ANALYSIS = YES;
				CLANG_WARN_STRICT_PROTOTYPES = YES;
				CLANG_WARN_SUSPICIOUS_MOVE = YES;
				CLANG_WARN_UNGUARDED_AVAILABILITY = YES_AGGRESSIVE;
				CLANG_WARN_UNREACHABLE_CODE = YES;
				CLANG_WARN__DUPLICATE_METHOD_MATCH = YES;
				COPY_PHASE_STRIP = NO;
				DEBUG_INFORMATION_FORMAT = dwarf;
				ENABLE_STRICT_OBJC_MSGSEND = YES;
				ENABLE_TESTABILITY = YES;
				GCC_C_LANGUAGE_STANDARD = gnu11;
				GCC_DYNAMIC_NO_PIC = NO;
				GCC_NO_COMMON_BLOCKS = YES;
				GCC_OPTIMIZATION_LEVEL = 0;
				GCC_PREPROCESSOR_DEFINITIONS = (
					"DEBUG=1",
					"$(inherited)",
				);
				GCC_WARN_64_TO_32_BIT_CONVERSION = YES;
				GCC_WARN_ABOUT_RETURN_TYPE = YES_ERROR;
				GCC_WARN_UNDECLARED_SELECTOR = YES;
				GCC_WARN_UNINITIALIZED_AUTOS = YES_AGGRESSIVE;
				GCC_WARN_UNUSED_FUNCTION = YES;
				GCC_WARN_UNUSED_VARIABLE = YES;
				IPHONEOS_DEPLOYMENT_TARGET = 16.4;
				MTL_ENABLE_DEBUG_INFO = INCLUDE_SOURCE;
				MTL_FAST_MATH = YES;
				ONLY_ACTIVE_ARCH = YES;
				SDKROOT = iphoneos;
				SWIFT_ACTIVE_COMPILATION_CONDITIONS = DEBUG;
				SWIFT_OPTIMIZATION_LEVEL = "-Onone";
			};
			name = Debug;
		};
		883A8BA62A027AF400E91CB0 /* Release */ = {
			isa = XCBuildConfiguration;
			buildSettings = {
				ALWAYS_SEARCH_USER_PATHS = NO;
				CLANG_ANALYZER_NONNULL = YES;
				CLANG_ANALYZER_NUMBER_OBJECT_CONVERSION = YES_AGGRESSIVE;
				CLANG_CXX_LANGUAGE_STANDARD = "gnu++20";
				CLANG_ENABLE_MODULES = YES;
				CLANG_ENABLE_OBJC_ARC = YES;
				CLANG_ENABLE_OBJC_WEAK = YES;
				CLANG_WARN_BLOCK_CAPTURE_AUTORELEASING = YES;
				CLANG_WARN_BOOL_CONVERSION = YES;
				CLANG_WARN_COMMA = YES;
				CLANG_WARN_CONSTANT_CONVERSION = YES;
				CLANG_WARN_DEPRECATED_OBJC_IMPLEMENTATIONS = YES;
				CLANG_WARN_DIRECT_OBJC_ISA_USAGE = YES_ERROR;
				CLANG_WARN_DOCUMENTATION_COMMENTS = YES;
				CLANG_WARN_EMPTY_BODY = YES;
				CLANG_WARN_ENUM_CONVERSION = YES;
				CLANG_WARN_INFINITE_RECURSION = YES;
				CLANG_WARN_INT_CONVERSION = YES;
				CLANG_WARN_NON_LITERAL_NULL_CONVERSION = YES;
				CLANG_WARN_OBJC_IMPLICIT_RETAIN_SELF = YES;
				CLANG_WARN_OBJC_LITERAL_CONVERSION = YES;
				CLANG_WARN_OBJC_ROOT_CLASS = YES_ERROR;
				CLANG_WARN_QUOTED_INCLUDE_IN_FRAMEWORK_HEADER = YES;
				CLANG_WARN_RANGE_LOOP_ANALYSIS = YES;
				CLANG_WARN_STRICT_PROTOTYPES = YES;
				CLANG_WARN_SUSPICIOUS_MOVE = YES;
				CLANG_WARN_UNGUARDED_AVAILABILITY = YES_AGGRESSIVE;
				CLANG_WARN_UNREACHABLE_CODE = YES;
				CLANG_WARN__DUPLICATE_METHOD_MATCH = YES;
				COPY_PHASE_STRIP = NO;
				DEBUG_INFORMATION_FORMAT = "dwarf-with-dsym";
				ENABLE_NS_ASSERTIONS = NO;
				ENABLE_STRICT_OBJC_MSGSEND = YES;
				GCC_C_LANGUAGE_STANDARD = gnu11;
				GCC_NO_COMMON_BLOCKS = YES;
				GCC_WARN_64_TO_32_BIT_CONVERSION = YES;
				GCC_WARN_ABOUT_RETURN_TYPE = YES_ERROR;
				GCC_WARN_UNDECLARED_SELECTOR = YES;
				GCC_WARN_UNINITIALIZED_AUTOS = YES_AGGRESSIVE;
				GCC_WARN_UNUSED_FUNCTION = YES;
				GCC_WARN_UNUSED_VARIABLE = YES;
				IPHONEOS_DEPLOYMENT_TARGET = 16.4;
				MTL_ENABLE_DEBUG_INFO = NO;
				MTL_FAST_MATH = YES;
				SDKROOT = iphoneos;
				SWIFT_COMPILATION_MODE = wholemodule;
				SWIFT_OPTIMIZATION_LEVEL = "-O";
				VALIDATE_PRODUCT = YES;
			};
			name = Release;
		};
		883A8BA82A027AF400E91CB0 /* Debug */ = {
			isa = XCBuildConfiguration;
			buildSettings = {
				ASSETCATALOG_COMPILER_APPICON_NAME = AppIcon;
				ASSETCATALOG_COMPILER_GLOBAL_ACCENT_COLOR_NAME = AccentColor;
				CODE_SIGN_STYLE = Automatic;
				CURRENT_PROJECT_VERSION = 1;
				DEVELOPMENT_TEAM = K4NPPTUJ49;
				GENERATE_INFOPLIST_FILE = YES;
				INFOPLIST_FILE = HW_Latushkin_AS_SpringAnimation/App/Info.plist;
				INFOPLIST_KEY_UIApplicationSupportsIndirectInputEvents = YES;
				INFOPLIST_KEY_UILaunchStoryboardName = LaunchScreen;
				INFOPLIST_KEY_UIMainStoryboardFile = Main;
				INFOPLIST_KEY_UISupportedInterfaceOrientations_iPad = "UIInterfaceOrientationPortrait UIInterfaceOrientationPortraitUpsideDown UIInterfaceOrientationLandscapeLeft UIInterfaceOrientationLandscapeRight";
				INFOPLIST_KEY_UISupportedInterfaceOrientations_iPhone = "UIInterfaceOrientationPortrait UIInterfaceOrientationLandscapeLeft UIInterfaceOrientationLandscapeRight";
				LD_RUNPATH_SEARCH_PATHS = (
					"$(inherited)",
					"@executable_path/Frameworks",
				);
				MARKETING_VERSION = 1.0;
				PRODUCT_BUNDLE_IDENTIFIER = "latushkin.as.HW-Latushkin-AS-SpringAnimation";
				PRODUCT_NAME = "$(TARGET_NAME)";
				SWIFT_EMIT_LOC_STRINGS = YES;
				SWIFT_VERSION = 5.0;
				TARGETED_DEVICE_FAMILY = "1,2";
			};
			name = Debug;
		};
		883A8BA92A027AF400E91CB0 /* Release */ = {
			isa = XCBuildConfiguration;
			buildSettings = {
				ASSETCATALOG_COMPILER_APPICON_NAME = AppIcon;
				ASSETCATALOG_COMPILER_GLOBAL_ACCENT_COLOR_NAME = AccentColor;
				CODE_SIGN_STYLE = Automatic;
				CURRENT_PROJECT_VERSION = 1;
				DEVELOPMENT_TEAM = K4NPPTUJ49;
				GENERATE_INFOPLIST_FILE = YES;
				INFOPLIST_FILE = HW_Latushkin_AS_SpringAnimation/App/Info.plist;
				INFOPLIST_KEY_UIApplicationSupportsIndirectInputEvents = YES;
				INFOPLIST_KEY_UILaunchStoryboardName = LaunchScreen;
				INFOPLIST_KEY_UIMainStoryboardFile = Main;
				INFOPLIST_KEY_UISupportedInterfaceOrientations_iPad = "UIInterfaceOrientationPortrait UIInterfaceOrientationPortraitUpsideDown UIInterfaceOrientationLandscapeLeft UIInterfaceOrientationLandscapeRight";
				INFOPLIST_KEY_UISupportedInterfaceOrientations_iPhone = "UIInterfaceOrientationPortrait UIInterfaceOrientationLandscapeLeft UIInterfaceOrientationLandscapeRight";
				LD_RUNPATH_SEARCH_PATHS = (
					"$(inherited)",
					"@executable_path/Frameworks",
				);
				MARKETING_VERSION = 1.0;
				PRODUCT_BUNDLE_IDENTIFIER = "latushkin.as.HW-Latushkin-AS-SpringAnimation";
				PRODUCT_NAME = "$(TARGET_NAME)";
				SWIFT_EMIT_LOC_STRINGS = YES;
				SWIFT_VERSION = 5.0;
				TARGETED_DEVICE_FAMILY = "1,2";
			};
			name = Release;
		};
/* End XCBuildConfiguration section */

/* Begin XCConfigurationList section */
		883A8B8E2A027AF300E91CB0 /* Build configuration list for PBXProject "HW_Latushkin_AS_SpringAnimation" */ = {
			isa = XCConfigurationList;
			buildConfigurations = (
				883A8BA52A027AF400E91CB0 /* Debug */,
				883A8BA62A027AF400E91CB0 /* Release */,
			);
			defaultConfigurationIsVisible = 0;
			defaultConfigurationName = Release;
		};
		883A8BA72A027AF400E91CB0 /* Build configuration list for PBXNativeTarget "HW_Latushkin_AS_SpringAnimation" */ = {
			isa = XCConfigurationList;
			buildConfigurations = (
				883A8BA82A027AF400E91CB0 /* Debug */,
				883A8BA92A027AF400E91CB0 /* Release */,
			);
			defaultConfigurationIsVisible = 0;
			defaultConfigurationName = Release;
		};
/* End XCConfigurationList section */

/* Begin XCRemoteSwiftPackageReference section */
		883A8BAF2A027E3000E91CB0 /* XCRemoteSwiftPackageReference "SpringAnimation" */ = {
			isa = XCRemoteSwiftPackageReference;
			repositoryURL = "https://github.com/LexDeBash/SpringAnimation.git";
			requirement = {
				kind = upToNextMajorVersion;
				minimumVersion = 0.3.0;
			};
		};
/* End XCRemoteSwiftPackageReference section */

/* Begin XCSwiftPackageProductDependency section */
		883A8BB02A027E3000E91CB0 /* SpringAnimation */ = {
			isa = XCSwiftPackageProductDependency;
			package = 883A8BAF2A027E3000E91CB0 /* XCRemoteSwiftPackageReference "SpringAnimation" */;
			productName = SpringAnimation;
		};
/* End XCSwiftPackageProductDependency section */
	};
	rootObject = 883A8B8B2A027AF300E91CB0 /* Project object */;
}
